PODS:
  - BaseExtension (1.1.6):
    - RxCocoa
    - RxDataSources
    - RxSwift
    - XCGLogger
  - Differentiator (3.0.2)
  - Nimble (7.0.2)
  - ObjcExceptionBridging (1.0.1):
    - ObjcExceptionBridging/ObjcExceptionBridging (= 1.0.1)
  - ObjcExceptionBridging/ObjcExceptionBridging (1.0.1)
  - Quick (1.2.0)
  - RxCocoa (4.0.0):
    - RxSwift (~> 4.0)
  - RxDataSources (3.0.2):
    - Differentiator (~> 3.0)
    - RxCocoa (~> 4.0)
    - RxSwift (~> 4.0)
  - RxSwift (4.0.0)
  - XCGLogger (6.0.1):
    - XCGLogger/Core (= 6.0.1)
  - XCGLogger/Core (6.0.1):
    - ObjcExceptionBridging

DEPENDENCIES:
  - BaseExtension (from `../`)
  - Nimble (~> 7.0.2)
  - Quick (~> 1.2.0)
  - RxCocoa
  - RxSwift

EXTERNAL SOURCES:
  BaseExtension:
    :path: "../"

SPEC CHECKSUMS:
  BaseExtension: a6374821a1ea54fea523f1a09e1d828bbc598672
  Differentiator: a87be69eba49ec4ab460c7671143ee3a9eececfd
  Nimble: bfe1f814edabba69ff145cb1283e04ed636a67f2
  ObjcExceptionBridging: c30e00eb3700467e695faeea30e26e18bd445001
  Quick: 58d203b1c5e27fff7229c4c1ae445ad7069a7a08
  RxCocoa: d62846ca96495d862fa4c59ea7d87e5031d7340e
  RxDataSources: cb7c31e652a87ebb919da45f716bbb87b3765f6b
  RxSwift: fd680d75283beb5e2559486f3c0ff852f0d35334
  XCGLogger: b4ca980580108cfeaf221afe158f5d89c1be22e0

PODFILE CHECKSUM: c72c6fa08ba8535cee75d9d2a31298346b33fcde

COCOAPODS: 1.2.1
